PODS:
  - Action (3.0.0):
    - RxCocoa (~> 3.4.0)
    - RxSwift (~> 3.4.0)
  - ActiveLabel (0.7.1)
  - Alamofire (4.4.0)
  - AlamofireImage (3.2.0):
    - Alamofire (~> 4.1)
  - BonMot (4.3.1)
  - Boomerang (0.9.3):
    - Action (~> 3.0)
    - RxSwift (~> 3)
  - Crashlytics (3.8.4):
    - Fabric (~> 1.6.3)
  - DateToolsSwift (2.0.3)
  - Fabric (1.6.11)
  - Gloss (1.2.4)
  - Hero (0.3.6)
  - Localize-Swift (1.7.1)
  - MBProgressHUD (1.0.0)
  - Moya (8.0.4):
    - Moya/Core (= 8.0.4)
  - Moya-Gloss/Core (2.0.1):
    - Gloss (~> 1.2)
    - Moya (~> 8.0)
  - Moya-Gloss/RxSwift (2.0.1):
    - Moya-Gloss/Core
    - Moya/RxSwift
    - RxSwift (~> 3.4)
  - Moya/Core (8.0.4):
    - Alamofire (~> 4.1)
    - Result (~> 3.0)
  - Moya/RxSwift (8.0.4):
    - Moya/Core
    - RxSwift (~> 3.0)
  - MZAppearance (1.1.6)
  - MZFormSheetPresentationController (2.4.2):
    - MZAppearance
  - pop (1.0.9)
  - Result (3.2.1)
  - RxCocoa (3.4.1):
    - RxSwift (~> 3.4)
  - RxSwift (3.4.1)
  - SnapKit (3.0.2)
  - SpinKit (1.2.0)

DEPENDENCIES:
  - Action (from `https://github.com/RxSwiftCommunity/Action.git`)
  - ActiveLabel
  - AlamofireImage (~> 3.1)
  - BonMot
  - Boomerang (from `https://github.com/synesthesia-it/Boomerang.git`, branch `v1`)
  - Crashlytics
  - DateToolsSwift
  - Fabric
  - Hero
  - Localize-Swift
  - MBProgressHUD
  - Moya-Gloss/RxSwift
  - MZFormSheetPresentationController
  - pop
  - RxSwift
  - SnapKit (~> 3.0.2)
  - SpinKit

EXTERNAL SOURCES:
  Action:
    :git: https://github.com/RxSwiftCommunity/Action.git
  Boomerang:
    :branch: v1
    :git: https://github.com/synesthesia-it/Boomerang.git

CHECKOUT OPTIONS:
  Action:
    :commit: 0edd8bff0ce99edfe2083791d3651a548e397e65
    :git: https://github.com/RxSwiftCommunity/Action.git
  Boomerang:
    :commit: bca249b2d5a340e209b52b7401997e8e12f3fa3b
    :git: https://github.com/synesthesia-it/Boomerang.git

SPEC CHECKSUMS:
  Action: fed388b9160ad787a58cb34b5064db6dbaae7e45
  ActiveLabel: 68625f22775f51c31bb691ca8de20f1e5a3bc825
  Alamofire: dc44b1600b800eb63da6a19039a0083d62a6a62d
  AlamofireImage: 157ed682cc81d3b9db4fb90c1f12180ac552d93b
  BonMot: 043bb5a8834cc6d74e9d624742272b92385e0a27
  Boomerang: eaa3faf38fea21672cc65df2c900dd4d474b4df0
  Crashlytics: 79e236942ca1e7fc641df1feb9a275360a78ab6a
  DateToolsSwift: bf69bf9056d9e53c5c03f06e51f219b9b8b02f9e
  Fabric: 5911403591946b8228ab1c51d98f1d7137e863c6
  Gloss: 4e036074610fdb993abcb958ebcd7332588e2333
  Hero: d3c6f4dd80cdcdbb339be64e57ae3b5c3ab9938c
  Localize-Swift: 6cabc1087c0e910e77bfa87c2ed3f65c80c0b2df
  MBProgressHUD: 4890f671c94e8a0f3cf959aa731e9de2f036d71a
  Moya: a08bc060c7a44eee27447b239ed33a189b641e2b
  Moya-Gloss: 59a96de0673f555e080afb381f8c4f932ae9fb1a
  MZAppearance: 0c06d3fa9cc55142f1da14bc8631fbe8fd6e19d5
  MZFormSheetPresentationController: c1dc3bce639d2393b3cc416fcb6e050eb5bca062
  pop: f667631a5108a2e60d9e8797c9b32ddaf2080bce
  Result: 2453a22e5c5b11c0c3a478736e82cd02f763b781
  RxCocoa: a8a5f1d061d0043e28f56976829f31ce63e8eb09
  RxSwift: 656f8fbeca5bc372121a72d9ebdd3cd3bc0ffade
  SnapKit: 2e456761aa92d4d4067a7a5594c18769d451a8ad
  SpinKit: 65906a8b534a4e14cbfd3f8b0b6c329131faef4a

PODFILE CHECKSUM: 72d828dacaecdf8320ed6dfc803c57aced04facd

COCOAPODS: 1.2.0
